// !$*UTF8*$!
{
	archiveVersion = 1;
	classes = {
	};
	objectVersion = 48;
	objects = {

/* Begin PBXBuildFile section */
		1C27D35A1F0DB69000E89F94 /* main.cpp in Sources */ = {isa = PBXBuildFile; fileRef = 1C27D3591F0DB69000E89F94 /* main.cpp */; };
		1C27D3651F0E4AA300E89F94 /* main.cpp in Sources */ = {isa = PBXBuildFile; fileRef = 1C27D3641F0E4AA300E89F94 /* main.cpp */; };
		1C27D3701F0EC8F400E89F94 /* main.cpp in Sources */ = {isa = PBXBuildFile; fileRef = 1C27D36F1F0EC8F400E89F94 /* main.cpp */; };
		1C27D37B1F0EE81A00E89F94 /* main.cpp in Sources */ = {isa = PBXBuildFile; fileRef = 1C27D37A1F0EE81A00E89F94 /* main.cpp */; };
		1C27D38E1F0FD6DA00E89F94 /* main.cpp in Sources */ = {isa = PBXBuildFile; fileRef = 1C27D38D1F0FD6DA00E89F94 /* main.cpp */; };
		1C43D9361F102EA8006B033E /* main.cpp in Sources */ = {isa = PBXBuildFile; fileRef = 1C43D9351F102EA8006B033E /* main.cpp */; };
		1C43D9571F118E4A006B033E /* exponential.cpp in Sources */ = {isa = PBXBuildFile; fileRef = 1C43D9561F118E4A006B033E /* exponential.cpp */; };
		1C43D9661F16278D006B033E /* radix.cpp in Sources */ = {isa = PBXBuildFile; fileRef = 1C43D9651F16278D006B033E /* radix.cpp */; };
		1CD07B921F25F13800F11318 /* partition3PartsBasedOnRange.cpp in Sources */ = {isa = PBXBuildFile; fileRef = 1CD07B911F25F13800F11318 /* partition3PartsBasedOnRange.cpp */; };
		1CDB21071F1B3C59000F0B39 /* main.cpp in Sources */ = {isa = PBXBuildFile; fileRef = 1CDB21061F1B3C59000F0B39 /* main.cpp */; };
		1CDB214F1F1F00D7000F0B39 /* main.cpp in Sources */ = {isa = PBXBuildFile; fileRef = 1CDB214E1F1F00D7000F0B39 /* main.cpp */; };
		1CDB21531F20992D000F0B39 /* strings.cpp in Sources */ = {isa = PBXBuildFile; fileRef = 1CE146E31F044AEB0032134E /* strings.cpp */; };
		1CE6F9EE1EFD5E2500E9D888 /* main.cpp in Sources */ = {isa = PBXBuildFile; fileRef = 1CE6F9ED1EFD5E2500E9D888 /* main.cpp */; };
		1CE6F9F91EFD73D300E9D888 /* main.cpp in Sources */ = {isa = PBXBuildFile; fileRef = 1CE6F9F81EFD73D300E9D888 /* main.cpp */; };
		1CE6FA041EFD855F00E9D888 /* main.cpp in Sources */ = {isa = PBXBuildFile; fileRef = 1CE6FA031EFD855F00E9D888 /* main.cpp */; };
		E018AAF11EF386E80004B61C /* main.cpp in Sources */ = {isa = PBXBuildFile; fileRef = E018AAF01EF386E80004B61C /* main.cpp */; };
/* End PBXBuildFile section */

/* Begin PBXCopyFilesBuildPhase section */
		1C27D3551F0DB69000E89F94 /* CopyFiles */ = {
			isa = PBXCopyFilesBuildPhase;
			buildActionMask = 2147483647;
			dstPath = /usr/share/man/man1/;
			dstSubfolderSpec = 0;
			files = (
			);
			runOnlyForDeploymentPostprocessing = 1;
		};
		1C27D3601F0E4AA300E89F94 /* CopyFiles */ = {
			isa = PBXCopyFilesBuildPhase;
			buildActionMask = 2147483647;
			dstPath = /usr/share/man/man1/;
			dstSubfolderSpec = 0;
			files = (
			);
			runOnlyForDeploymentPostprocessing = 1;
		};
		1C27D36B1F0EC8F400E89F94 /* CopyFiles */ = {
			isa = PBXCopyFilesBuildPhase;
			buildActionMask = 2147483647;
			dstPath = /usr/share/man/man1/;
			dstSubfolderSpec = 0;
			files = (
			);
			runOnlyForDeploymentPostprocessing = 1;
		};
		1C27D3761F0EE81A00E89F94 /* CopyFiles */ = {
			isa = PBXCopyFilesBuildPhase;
			buildActionMask = 2147483647;
			dstPath = /usr/share/man/man1/;
			dstSubfolderSpec = 0;
			files = (
			);
			runOnlyForDeploymentPostprocessing = 1;
		};
		1C27D3891F0FD6DA00E89F94 /* CopyFiles */ = {
			isa = PBXCopyFilesBuildPhase;
			buildActionMask = 2147483647;
			dstPath = /usr/share/man/man1/;
			dstSubfolderSpec = 0;
			files = (
			);
			runOnlyForDeploymentPostprocessing = 1;
		};
		1C3F36481F2319E8003AFD33 /* CopyFiles */ = {
			isa = PBXCopyFilesBuildPhase;
			buildActionMask = 2147483647;
			dstPath = /usr/share/man/man1/;
			dstSubfolderSpec = 0;
			files = (
			);
			runOnlyForDeploymentPostprocessing = 1;
		};
		1C43D9311F102EA8006B033E /* CopyFiles */ = {
			isa = PBXCopyFilesBuildPhase;
			buildActionMask = 2147483647;
			dstPath = /usr/share/man/man1/;
			dstSubfolderSpec = 0;
			files = (
			);
			runOnlyForDeploymentPostprocessing = 1;
		};
		1C43D93C1F116364006B033E /* CopyFiles */ = {
			isa = PBXCopyFilesBuildPhase;
			buildActionMask = 2147483647;
			dstPath = /usr/share/man/man1/;
			dstSubfolderSpec = 0;
			files = (
			);
			runOnlyForDeploymentPostprocessing = 1;
		};
		1C43D9471F1164D9006B033E /* CopyFiles */ = {
			isa = PBXCopyFilesBuildPhase;
			buildActionMask = 2147483647;
			dstPath = /usr/share/man/man1/;
			dstSubfolderSpec = 0;
			files = (
			);
			runOnlyForDeploymentPostprocessing = 1;
		};
		1CDB21021F1B3C59000F0B39 /* CopyFiles */ = {
			isa = PBXCopyFilesBuildPhase;
			buildActionMask = 2147483647;
			dstPath = /usr/share/man/man1/;
			dstSubfolderSpec = 0;
			files = (
			);
			runOnlyForDeploymentPostprocessing = 1;
		};
		1CDB214A1F1F00D7000F0B39 /* CopyFiles */ = {
			isa = PBXCopyFilesBuildPhase;
			buildActionMask = 2147483647;
			dstPath = /usr/share/man/man1/;
			dstSubfolderSpec = 0;
			files = (
			);
			runOnlyForDeploymentPostprocessing = 1;
		};
		1CE146DA1F04486E0032134E /* CopyFiles */ = {
			isa = PBXCopyFilesBuildPhase;
			buildActionMask = 2147483647;
			dstPath = /usr/share/man/man1/;
			dstSubfolderSpec = 0;
			files = (
			);
			runOnlyForDeploymentPostprocessing = 1;
		};
		1CE6F9E91EFD5E2500E9D888 /* CopyFiles */ = {
			isa = PBXCopyFilesBuildPhase;
			buildActionMask = 2147483647;
			dstPath = /usr/share/man/man1/;
			dstSubfolderSpec = 0;
			files = (
			);
			runOnlyForDeploymentPostprocessing = 1;
		};
		1CE6F9F41EFD73D300E9D888 /* CopyFiles */ = {
			isa = PBXCopyFilesBuildPhase;
			buildActionMask = 2147483647;
			dstPath = /usr/share/man/man1/;
			dstSubfolderSpec = 0;
			files = (
			);
			runOnlyForDeploymentPostprocessing = 1;
		};
		1CE6F9FF1EFD855E00E9D888 /* CopyFiles */ = {
			isa = PBXCopyFilesBuildPhase;
			buildActionMask = 2147483647;
			dstPath = /usr/share/man/man1/;
			dstSubfolderSpec = 0;
			files = (
			);
			runOnlyForDeploymentPostprocessing = 1;
		};
		E018AADE1EF3861C0004B61C /* CopyFiles */ = {
			isa = PBXCopyFilesBuildPhase;
			buildActionMask = 2147483647;
			dstPath = /usr/share/man/man1/;
			dstSubfolderSpec = 0;
			files = (
			);
			runOnlyForDeploymentPostprocessing = 1;
		};
		E018AAEC1EF386E80004B61C /* CopyFiles */ = {
			isa = PBXCopyFilesBuildPhase;
			buildActionMask = 2147483647;
			dstPath = /usr/share/man/man1/;
			dstSubfolderSpec = 0;
			files = (
			);
			runOnlyForDeploymentPostprocessing = 1;
		};
/* End PBXCopyFilesBuildPhase section */

/* Begin PBXFileReference section */
		1C27D3571F0DB69000E89F94 /* Inheritance */ = {isa = PBXFileReference; explicitFileType = "compiled.mach-o.executable"; includeInIndex = 0; path = Inheritance; sourceTree = BUILT_PRODUCTS_DIR; };
		1C27D3591F0DB69000E89F94 /* main.cpp */ = {isa = PBXFileReference; lastKnownFileType = sourcecode.cpp.cpp; path = main.cpp; sourceTree = "<group>"; };
		1C27D3621F0E4AA300E89F94 /* overloadingOverriding */ = {isa = PBXFileReference; explicitFileType = "compiled.mach-o.executable"; includeInIndex = 0; path = overloadingOverriding; sourceTree = BUILT_PRODUCTS_DIR; };
		1C27D3641F0E4AA300E89F94 /* main.cpp */ = {isa = PBXFileReference; lastKnownFileType = sourcecode.cpp.cpp; path = main.cpp; sourceTree = "<group>"; };
		1C27D36D1F0EC8F400E89F94 /* Polymorphism */ = {isa = PBXFileReference; explicitFileType = "compiled.mach-o.executable"; includeInIndex = 0; path = Polymorphism; sourceTree = BUILT_PRODUCTS_DIR; };
		1C27D36F1F0EC8F400E89F94 /* main.cpp */ = {isa = PBXFileReference; lastKnownFileType = sourcecode.cpp.cpp; path = main.cpp; sourceTree = "<group>"; };
		1C27D3781F0EE81A00E89F94 /* filehandling */ = {isa = PBXFileReference; explicitFileType = "compiled.mach-o.executable"; includeInIndex = 0; path = filehandling; sourceTree = BUILT_PRODUCTS_DIR; };
		1C27D37A1F0EE81A00E89F94 /* main.cpp */ = {isa = PBXFileReference; lastKnownFileType = sourcecode.cpp.cpp; path = main.cpp; sourceTree = "<group>"; };
		1C27D3841F0EF0AF00E89F94 /* afile.txt */ = {isa = PBXFileReference; lastKnownFileType = text; path = afile.txt; sourceTree = "<group>"; };
		1C27D3851F0FD17D00E89F94 /* dynamicMem.cpp */ = {isa = PBXFileReference; fileEncoding = 4; lastKnownFileType = sourcecode.cpp.cpp; path = dynamicMem.cpp; sourceTree = "<group>"; };
		1C27D38B1F0FD6DA00E89F94 /* Templates */ = {isa = PBXFileReference; explicitFileType = "compiled.mach-o.executable"; includeInIndex = 0; path = Templates; sourceTree = BUILT_PRODUCTS_DIR; };
		1C27D38D1F0FD6DA00E89F94 /* main.cpp */ = {isa = PBXFileReference; lastKnownFileType = sourcecode.cpp.cpp; path = main.cpp; sourceTree = "<group>"; };
		1C3F364A1F2319E8003AFD33 /* ArrayPractice */ = {isa = PBXFileReference; explicitFileType = "compiled.mach-o.executable"; includeInIndex = 0; path = ArrayPractice; sourceTree = BUILT_PRODUCTS_DIR; };
		1C3F364C1F2319E8003AFD33 /* main.cpp */ = {isa = PBXFileReference; lastKnownFileType = sourcecode.cpp.cpp; path = main.cpp; sourceTree = "<group>"; };
		1C3F36511F231A83003AFD33 /* arrayRotation.cpp */ = {isa = PBXFileReference; fileEncoding = 4; lastKnownFileType = sourcecode.cpp.cpp; path = arrayRotation.cpp; sourceTree = "<group>"; };
		1C3F36531F23232E003AFD33 /* revAlgoArrayRotation.cpp */ = {isa = PBXFileReference; fileEncoding = 4; lastKnownFileType = sourcecode.cpp.cpp; path = revAlgoArrayRotation.cpp; sourceTree = "<group>"; };
		1C3F36551F2328D8003AFD33 /* searchSortedRotated.cpp */ = {isa = PBXFileReference; fileEncoding = 4; lastKnownFileType = sourcecode.cpp.cpp; path = searchSortedRotated.cpp; sourceTree = "<group>"; };
		1C3F36571F235E19003AFD33 /* findPairInArray.cpp */ = {isa = PBXFileReference; fileEncoding = 4; lastKnownFileType = sourcecode.cpp.cpp; path = findPairInArray.cpp; sourceTree = "<group>"; };
		1C3F366A1F23E8B4003AFD33 /* maxSumWithRotations.cpp */ = {isa = PBXFileReference; fileEncoding = 4; lastKnownFileType = sourcecode.cpp.cpp; path = maxSumWithRotations.cpp; sourceTree = "<group>"; };
		1C3F366C1F23EF63003AFD33 /* calSortedArrayRotation.cpp */ = {isa = PBXFileReference; fileEncoding = 4; lastKnownFileType = sourcecode.cpp.cpp; path = calSortedArrayRotation.cpp; sourceTree = "<group>"; };
		1C43D9331F102EA8006B033E /* STLLibraries */ = {isa = PBXFileReference; explicitFileType = "compiled.mach-o.executable"; includeInIndex = 0; path = STLLibraries; sourceTree = BUILT_PRODUCTS_DIR; };
		1C43D9351F102EA8006B033E /* main.cpp */ = {isa = PBXFileReference; lastKnownFileType = sourcecode.cpp.cpp; path = main.cpp; sourceTree = "<group>"; };
		1C43D93E1F116364006B033E /* Sorting */ = {isa = PBXFileReference; explicitFileType = "compiled.mach-o.executable"; includeInIndex = 0; path = Sorting; sourceTree = BUILT_PRODUCTS_DIR; };
		1C43D9401F116364006B033E /* main.cpp */ = {isa = PBXFileReference; lastKnownFileType = sourcecode.cpp.cpp; path = main.cpp; sourceTree = "<group>"; };
		1C43D9491F1164D9006B033E /* Searching */ = {isa = PBXFileReference; explicitFileType = "compiled.mach-o.executable"; includeInIndex = 0; path = Searching; sourceTree = BUILT_PRODUCTS_DIR; };
		1C43D94B1F1164D9006B033E /* main.cpp */ = {isa = PBXFileReference; lastKnownFileType = sourcecode.cpp.cpp; path = main.cpp; sourceTree = "<group>"; };
		1C43D9501F1165BA006B033E /* linear.cpp */ = {isa = PBXFileReference; fileEncoding = 4; lastKnownFileType = sourcecode.cpp.cpp; path = linear.cpp; sourceTree = "<group>"; };
		1C43D9521F116771006B033E /* binary.cpp */ = {isa = PBXFileReference; fileEncoding = 4; lastKnownFileType = sourcecode.cpp.cpp; path = binary.cpp; sourceTree = "<group>"; };
		1C43D9541F117D3B006B033E /* jumpSearch.cpp */ = {isa = PBXFileReference; fileEncoding = 4; lastKnownFileType = sourcecode.cpp.cpp; path = jumpSearch.cpp; sourceTree = "<group>"; };
		1C43D9561F118E4A006B033E /* exponential.cpp */ = {isa = PBXFileReference; fileEncoding = 4; lastKnownFileType = sourcecode.cpp.cpp; path = exponential.cpp; sourceTree = "<group>"; };
		1C43D9581F12AC05006B033E /* selection.cpp */ = {isa = PBXFileReference; fileEncoding = 4; lastKnownFileType = sourcecode.cpp.cpp; path = selection.cpp; sourceTree = "<group>"; };
		1C43D95A1F12B59C006B033E /* bubble.cpp */ = {isa = PBXFileReference; fileEncoding = 4; lastKnownFileType = sourcecode.cpp.cpp; path = bubble.cpp; sourceTree = "<group>"; };
		1C43D95C1F12BBE5006B033E /* insertion.cpp */ = {isa = PBXFileReference; fileEncoding = 4; lastKnownFileType = sourcecode.cpp.cpp; path = insertion.cpp; sourceTree = "<group>"; };
		1C43D95E1F12C0ED006B033E /* quick.cpp */ = {isa = PBXFileReference; fileEncoding = 4; lastKnownFileType = sourcecode.cpp.cpp; path = quick.cpp; sourceTree = "<group>"; };
		1C43D9601F12CEB0006B033E /* merge.cpp */ = {isa = PBXFileReference; fileEncoding = 4; lastKnownFileType = sourcecode.cpp.cpp; path = merge.cpp; sourceTree = "<group>"; };
		1C43D9631F143D21006B033E /* couting.cpp */ = {isa = PBXFileReference; fileEncoding = 4; lastKnownFileType = sourcecode.cpp.cpp; path = couting.cpp; sourceTree = "<group>"; };
		1C43D9651F16278D006B033E /* radix.cpp */ = {isa = PBXFileReference; fileEncoding = 4; lastKnownFileType = sourcecode.cpp.cpp; path = radix.cpp; sourceTree = "<group>"; };
		1CD07B881F2482A500F11318 /* PositiveNegativeNum.cpp */ = {isa = PBXFileReference; fileEncoding = 4; lastKnownFileType = sourcecode.cpp.cpp; path = PositiveNegativeNum.cpp; sourceTree = "<group>"; };
		1CD07B8A1F24941F00F11318 /* sortWave.cpp */ = {isa = PBXFileReference; fileEncoding = 4; lastKnownFileType = sourcecode.cpp.cpp; path = sortWave.cpp; sourceTree = "<group>"; };
		1CD07B8D1F24CDF500F11318 /* sortArrayDifference.cpp */ = {isa = PBXFileReference; fileEncoding = 4; lastKnownFileType = sourcecode.cpp.cpp; path = sortArrayDifference.cpp; sourceTree = "<group>"; };
		1CD07B8F1F25EC9F00F11318 /* moveNegativeElementsInEnd.cpp */ = {isa = PBXFileReference; fileEncoding = 4; lastKnownFileType = sourcecode.cpp.cpp; path = moveNegativeElementsInEnd.cpp; sourceTree = "<group>"; };
		1CD07B911F25F13800F11318 /* partition3PartsBasedOnRange.cpp */ = {isa = PBXFileReference; fileEncoding = 4; lastKnownFileType = sourcecode.cpp.cpp; path = partition3PartsBasedOnRange.cpp; sourceTree = "<group>"; };
		1CDB21041F1B3C59000F0B39 /* Trees */ = {isa = PBXFileReference; explicitFileType = "compiled.mach-o.executable"; includeInIndex = 0; path = Trees; sourceTree = BUILT_PRODUCTS_DIR; };
		1CDB21061F1B3C59000F0B39 /* main.cpp */ = {isa = PBXFileReference; lastKnownFileType = sourcecode.cpp.cpp; path = main.cpp; sourceTree = "<group>"; };
		1CDB214C1F1F00D7000F0B39 /* MaxsubArray */ = {isa = PBXFileReference; explicitFileType = "compiled.mach-o.executable"; includeInIndex = 0; path = MaxsubArray; sourceTree = BUILT_PRODUCTS_DIR; };
		1CDB214E1F1F00D7000F0B39 /* main.cpp */ = {isa = PBXFileReference; lastKnownFileType = sourcecode.cpp.cpp; path = main.cpp; sourceTree = "<group>"; };
		1CE146DC1F04486E0032134E /* Aashna's Prog */ = {isa = PBXFileReference; explicitFileType = "compiled.mach-o.executable"; includeInIndex = 0; path = "Aashna's Prog"; sourceTree = BUILT_PRODUCTS_DIR; };
		1CE146E31F044AEB0032134E /* strings.cpp */ = {isa = PBXFileReference; fileEncoding = 4; lastKnownFileType = sourcecode.cpp.cpp; path = strings.cpp; sourceTree = "<group>"; };
		1CE146E61F0451DB0032134E /* pointers.cpp */ = {isa = PBXFileReference; fileEncoding = 4; lastKnownFileType = sourcecode.cpp.cpp; path = pointers.cpp; sourceTree = "<group>"; };
		1CE6F9EB1EFD5E2500E9D888 /* AlgoCrush */ = {isa = PBXFileReference; explicitFileType = "compiled.mach-o.executable"; includeInIndex = 0; path = AlgoCrush; sourceTree = BUILT_PRODUCTS_DIR; };
		1CE6F9ED1EFD5E2500E9D888 /* main.cpp */ = {isa = PBXFileReference; lastKnownFileType = sourcecode.cpp.cpp; path = main.cpp; sourceTree = "<group>"; };
		1CE6F9F61EFD73D300E9D888 /* BinaryQueries */ = {isa = PBXFileReference; explicitFileType = "compiled.mach-o.executable"; includeInIndex = 0; path = BinaryQueries; sourceTree = BUILT_PRODUCTS_DIR; };
		1CE6F9F81EFD73D300E9D888 /* main.cpp */ = {isa = PBXFileReference; lastKnownFileType = sourcecode.cpp.cpp; path = main.cpp; sourceTree = "<group>"; };
		1CE6FA011EFD855E00E9D888 /* MemoriseMe */ = {isa = PBXFileReference; explicitFileType = "compiled.mach-o.executable"; includeInIndex = 0; path = MemoriseMe; sourceTree = BUILT_PRODUCTS_DIR; };
		1CE6FA031EFD855F00E9D888 /* main.cpp */ = {isa = PBXFileReference; lastKnownFileType = sourcecode.cpp.cpp; path = main.cpp; sourceTree = "<group>"; };
		E018AAE01EF3861C0004B61C /* LearnC++ */ = {isa = PBXFileReference; explicitFileType = "compiled.mach-o.executable"; includeInIndex = 0; path = "LearnC++"; sourceTree = BUILT_PRODUCTS_DIR; };
		E018AAE31EF3861C0004B61C /* main.cpp */ = {isa = PBXFileReference; lastKnownFileType = sourcecode.cpp.cpp; path = main.cpp; sourceTree = "<group>"; };
		E018AAEE1EF386E80004B61C /* Linked list */ = {isa = PBXFileReference; explicitFileType = "compiled.mach-o.executable"; includeInIndex = 0; path = "Linked list"; sourceTree = BUILT_PRODUCTS_DIR; };
		E018AAF01EF386E80004B61C /* main.cpp */ = {isa = PBXFileReference; lastKnownFileType = sourcecode.cpp.cpp; path = main.cpp; sourceTree = "<group>"; };
/* End PBXFileReference section */

/* Begin PBXFrameworksBuildPhase section */
		1C27D3541F0DB69000E89F94 /* Frameworks */ = {
			isa = PBXFrameworksBuildPhase;
			buildActionMask = 2147483647;
			files = (
			);
			runOnlyForDeploymentPostprocessing = 0;
		};
		1C27D35F1F0E4AA300E89F94 /* Frameworks */ = {
			isa = PBXFrameworksBuildPhase;
			buildActionMask = 2147483647;
			files = (
			);
			runOnlyForDeploymentPostprocessing = 0;
		};
		1C27D36A1F0EC8F400E89F94 /* Frameworks */ = {
			isa = PBXFrameworksBuildPhase;
			buildActionMask = 2147483647;
			files = (
			);
			runOnlyForDeploymentPostprocessing = 0;
		};
		1C27D3751F0EE81A00E89F94 /* Frameworks */ = {
			isa = PBXFrameworksBuildPhase;
			buildActionMask = 2147483647;
			files = (
			);
			runOnlyForDeploymentPostprocessing = 0;
		};
		1C27D3881F0FD6DA00E89F94 /* Frameworks */ = {
			isa = PBXFrameworksBuildPhase;
			buildActionMask = 2147483647;
			files = (
			);
			runOnlyForDeploymentPostprocessing = 0;
		};
		1C3F36471F2319E8003AFD33 /* Frameworks */ = {
			isa = PBXFrameworksBuildPhase;
			buildActionMask = 2147483647;
			files = (
			);
			runOnlyForDeploymentPostprocessing = 0;
		};
		1C43D9301F102EA8006B033E /* Frameworks */ = {
			isa = PBXFrameworksBuildPhase;
			buildActionMask = 2147483647;
			files = (
			);
			runOnlyForDeploymentPostprocessing = 0;
		};
		1C43D93B1F116364006B033E /* Frameworks */ = {
			isa = PBXFrameworksBuildPhase;
			buildActionMask = 2147483647;
			files = (
			);
			runOnlyForDeploymentPostprocessing = 0;
		};
		1C43D9461F1164D9006B033E /* Frameworks */ = {
			isa = PBXFrameworksBuildPhase;
			buildActionMask = 2147483647;
			files = (
			);
			runOnlyForDeploymentPostprocessing = 0;
		};
		1CDB21011F1B3C59000F0B39 /* Frameworks */ = {
			isa = PBXFrameworksBuildPhase;
			buildActionMask = 2147483647;
			files = (
			);
			runOnlyForDeploymentPostprocessing = 0;
		};
		1CDB21491F1F00D7000F0B39 /* Frameworks */ = {
			isa = PBXFrameworksBuildPhase;
			buildActionMask = 2147483647;
			files = (
			);
			runOnlyForDeploymentPostprocessing = 0;
		};
		1CE146D91F04486E0032134E /* Frameworks */ = {
			isa = PBXFrameworksBuildPhase;
			buildActionMask = 2147483647;
			files = (
			);
			runOnlyForDeploymentPostprocessing = 0;
		};
		1CE6F9E81EFD5E2500E9D888 /* Frameworks */ = {
			isa = PBXFrameworksBuildPhase;
			buildActionMask = 2147483647;
			files = (
			);
			runOnlyForDeploymentPostprocessing = 0;
		};
		1CE6F9F31EFD73D300E9D888 /* Frameworks */ = {
			isa = PBXFrameworksBuildPhase;
			buildActionMask = 2147483647;
			files = (
			);
			runOnlyForDeploymentPostprocessing = 0;
		};
		1CE6F9FE1EFD855E00E9D888 /* Frameworks */ = {
			isa = PBXFrameworksBuildPhase;
			buildActionMask = 2147483647;
			files = (
			);
			runOnlyForDeploymentPostprocessing = 0;
		};
		E018AADD1EF3861C0004B61C /* Frameworks */ = {
			isa = PBXFrameworksBuildPhase;
			buildActionMask = 2147483647;
			files = (
			);
			runOnlyForDeploymentPostprocessing = 0;
		};
		E018AAEB1EF386E80004B61C /* Frameworks */ = {
			isa = PBXFrameworksBuildPhase;
			buildActionMask = 2147483647;
			files = (
			);
			runOnlyForDeploymentPostprocessing = 0;
		};
/* End PBXFrameworksBuildPhase section */

/* Begin PBXGroup section */
		1C27D3581F0DB69000E89F94 /* Inheritance */ = {
			isa = PBXGroup;
			children = (
				1C27D3591F0DB69000E89F94 /* main.cpp */,
			);
			path = Inheritance;
			sourceTree = "<group>";
		};
		1C27D3631F0E4AA300E89F94 /* overloadingOverriding */ = {
			isa = PBXGroup;
			children = (
				1C27D3641F0E4AA300E89F94 /* main.cpp */,
			);
			path = overloadingOverriding;
			sourceTree = "<group>";
		};
		1C27D36E1F0EC8F400E89F94 /* Polymorphism */ = {
			isa = PBXGroup;
			children = (
				1C27D36F1F0EC8F400E89F94 /* main.cpp */,
			);
			path = Polymorphism;
			sourceTree = "<group>";
		};
		1C27D3791F0EE81A00E89F94 /* filehandling */ = {
			isa = PBXGroup;
			children = (
				1C27D3841F0EF0AF00E89F94 /* afile.txt */,
				1C27D37A1F0EE81A00E89F94 /* main.cpp */,
			);
			path = filehandling;
			sourceTree = "<group>";
		};
		1C27D38C1F0FD6DA00E89F94 /* Templates */ = {
			isa = PBXGroup;
			children = (
				1C27D38D1F0FD6DA00E89F94 /* main.cpp */,
			);
			path = Templates;
			sourceTree = "<group>";
		};
		1C3F364B1F2319E8003AFD33 /* ArrayPractice */ = {
			isa = PBXGroup;
			children = (
				1CD07B871F2481D200F11318 /* Array Arrangement Rearrangement */,
				1C3F364C1F2319E8003AFD33 /* main.cpp */,
				1CD07B861F2481C100F11318 /* Rotation */,
			);
			path = ArrayPractice;
			sourceTree = "<group>";
		};
		1C43D9341F102EA8006B033E /* STLLibraries */ = {
			isa = PBXGroup;
			children = (
				1C43D9351F102EA8006B033E /* main.cpp */,
			);
			path = STLLibraries;
			sourceTree = "<group>";
		};
		1C43D93F1F116364006B033E /* Sorting */ = {
			isa = PBXGroup;
			children = (
				1C43D9401F116364006B033E /* main.cpp */,
				1C43D9581F12AC05006B033E /* selection.cpp */,
				1C43D9631F143D21006B033E /* couting.cpp */,
				1C43D9651F16278D006B033E /* radix.cpp */,
				1C43D95A1F12B59C006B033E /* bubble.cpp */,
				1C43D95C1F12BBE5006B033E /* insertion.cpp */,
				1C43D95E1F12C0ED006B033E /* quick.cpp */,
				1C43D9601F12CEB0006B033E /* merge.cpp */,
			);
			path = Sorting;
			sourceTree = "<group>";
		};
		1C43D94A1F1164D9006B033E /* Searching */ = {
			isa = PBXGroup;
			children = (
				1C43D94B1F1164D9006B033E /* main.cpp */,
				1C43D9501F1165BA006B033E /* linear.cpp */,
				1C43D9521F116771006B033E /* binary.cpp */,
				1C43D9561F118E4A006B033E /* exponential.cpp */,
				1C43D9541F117D3B006B033E /* jumpSearch.cpp */,
			);
			path = Searching;
			sourceTree = "<group>";
		};
		1CD07B861F2481C100F11318 /* Rotation */ = {
			isa = PBXGroup;
			children = (
				1C3F36511F231A83003AFD33 /* arrayRotation.cpp */,
				1C3F36551F2328D8003AFD33 /* searchSortedRotated.cpp */,
				1C3F36531F23232E003AFD33 /* revAlgoArrayRotation.cpp */,
				1C3F36571F235E19003AFD33 /* findPairInArray.cpp */,
				1C3F366A1F23E8B4003AFD33 /* maxSumWithRotations.cpp */,
				1C3F366C1F23EF63003AFD33 /* calSortedArrayRotation.cpp */,
			);
			name = Rotation;
			sourceTree = "<group>";
		};
		1CD07B871F2481D200F11318 /* Array Arrangement Rearrangement */ = {
			isa = PBXGroup;
			children = (
				1CD07B881F2482A500F11318 /* PositiveNegativeNum.cpp */,
				1CD07B8F1F25EC9F00F11318 /* moveNegativeElementsInEnd.cpp */,
				1CD07B911F25F13800F11318 /* partition3PartsBasedOnRange.cpp */,
				1CD07B8D1F24CDF500F11318 /* sortArrayDifference.cpp */,
				1CD07B8A1F24941F00F11318 /* sortWave.cpp */,
			);
			name = "Array Arrangement Rearrangement";
			sourceTree = "<group>";
		};
		1CDB21051F1B3C59000F0B39 /* Trees */ = {
			isa = PBXGroup;
			children = (
				1CDB21061F1B3C59000F0B39 /* main.cpp */,
			);
			path = Trees;
			sourceTree = "<group>";
		};
		1CDB214D1F1F00D7000F0B39 /* MaxsubArray */ = {
			isa = PBXGroup;
			children = (
				1CDB214E1F1F00D7000F0B39 /* main.cpp */,
			);
			path = MaxsubArray;
			sourceTree = "<group>";
		};
		1CE6F9EC1EFD5E2500E9D888 /* AlgoCrush */ = {
			isa = PBXGroup;
			children = (
				1CE6F9ED1EFD5E2500E9D888 /* main.cpp */,
			);
			path = AlgoCrush;
			sourceTree = "<group>";
		};
		1CE6F9F71EFD73D300E9D888 /* BinaryQueries */ = {
			isa = PBXGroup;
			children = (
				1CE6F9F81EFD73D300E9D888 /* main.cpp */,
			);
			path = BinaryQueries;
			sourceTree = "<group>";
		};
		1CE6FA021EFD855F00E9D888 /* MemoriseMe */ = {
			isa = PBXGroup;
			children = (
				1CE6FA031EFD855F00E9D888 /* main.cpp */,
			);
			path = MemoriseMe;
			sourceTree = "<group>";
		};
		E018AAD71EF3861B0004B61C = {
			isa = PBXGroup;
			children = (
				E018AAE21EF3861C0004B61C /* LearnC++ */,
				E018AAEF1EF386E80004B61C /* Linked list */,
				1CE6F9EC1EFD5E2500E9D888 /* AlgoCrush */,
				1CE6F9F71EFD73D300E9D888 /* BinaryQueries */,
				1CE6FA021EFD855F00E9D888 /* MemoriseMe */,
				1C27D3581F0DB69000E89F94 /* Inheritance */,
				1C27D3631F0E4AA300E89F94 /* overloadingOverriding */,
				1C27D36E1F0EC8F400E89F94 /* Polymorphism */,
				1C27D3791F0EE81A00E89F94 /* filehandling */,
				1C27D38C1F0FD6DA00E89F94 /* Templates */,
				1C43D9341F102EA8006B033E /* STLLibraries */,
				1C43D93F1F116364006B033E /* Sorting */,
				1C43D94A1F1164D9006B033E /* Searching */,
				1CDB21051F1B3C59000F0B39 /* Trees */,
				1CDB214D1F1F00D7000F0B39 /* MaxsubArray */,
				1C3F364B1F2319E8003AFD33 /* ArrayPractice */,
				E018AAE11EF3861C0004B61C /* Products */,
			);
			sourceTree = "<group>";
		};
		E018AAE11EF3861C0004B61C /* Products */ = {
			isa = PBXGroup;
			children = (
				E018AAE01EF3861C0004B61C /* LearnC++ */,
				E018AAEE1EF386E80004B61C /* Linked list */,
				1CE6F9EB1EFD5E2500E9D888 /* AlgoCrush */,
				1CE6F9F61EFD73D300E9D888 /* BinaryQueries */,
				1CE6FA011EFD855E00E9D888 /* MemoriseMe */,
				1CE146DC1F04486E0032134E /* Aashna's Prog */,
				1C27D3571F0DB69000E89F94 /* Inheritance */,
				1C27D3621F0E4AA300E89F94 /* overloadingOverriding */,
				1C27D36D1F0EC8F400E89F94 /* Polymorphism */,
				1C27D3781F0EE81A00E89F94 /* filehandling */,
				1C27D38B1F0FD6DA00E89F94 /* Templates */,
				1C43D9331F102EA8006B033E /* STLLibraries */,
				1C43D93E1F116364006B033E /* Sorting */,
				1C43D9491F1164D9006B033E /* Searching */,
				1CDB21041F1B3C59000F0B39 /* Trees */,
				1CDB214C1F1F00D7000F0B39 /* MaxsubArray */,
				1C3F364A1F2319E8003AFD33 /* ArrayPractice */,
			);
			name = Products;
			sourceTree = "<group>";
		};
		E018AAE21EF3861C0004B61C /* LearnC++ */ = {
			isa = PBXGroup;
			children = (
				E018AAE31EF3861C0004B61C /* main.cpp */,
				1CE146E31F044AEB0032134E /* strings.cpp */,
				1CE146E61F0451DB0032134E /* pointers.cpp */,
				1C27D3851F0FD17D00E89F94 /* dynamicMem.cpp */,
			);
			path = "LearnC++";
			sourceTree = "<group>";
		};
		E018AAEF1EF386E80004B61C /* Linked list */ = {
			isa = PBXGroup;
			children = (
				E018AAF01EF386E80004B61C /* main.cpp */,
			);
			path = "Linked list";
			sourceTree = "<group>";
		};
/* End PBXGroup section */

/* Begin PBXNativeTarget section */
		1C27D3561F0DB69000E89F94 /* Inheritance */ = {
			isa = PBXNativeTarget;
			buildConfigurationList = 1C27D35D1F0DB69000E89F94 /* Build configuration list for PBXNativeTarget "Inheritance" */;
			buildPhases = (
				1C27D3531F0DB69000E89F94 /* Sources */,
				1C27D3541F0DB69000E89F94 /* Frameworks */,
				1C27D3551F0DB69000E89F94 /* CopyFiles */,
			);
			buildRules = (
			);
			dependencies = (
			);
			name = Inheritance;
			productName = Inheritance;
			productReference = 1C27D3571F0DB69000E89F94 /* Inheritance */;
			productType = "com.apple.product-type.tool";
		};
		1C27D3611F0E4AA300E89F94 /* overloadingOverriding */ = {
			isa = PBXNativeTarget;
			buildConfigurationList = 1C27D3661F0E4AA300E89F94 /* Build configuration list for PBXNativeTarget "overloadingOverriding" */;
			buildPhases = (
				1C27D35E1F0E4AA300E89F94 /* Sources */,
				1C27D35F1F0E4AA300E89F94 /* Frameworks */,
				1C27D3601F0E4AA300E89F94 /* CopyFiles */,
			);
			buildRules = (
			);
			dependencies = (
			);
			name = overloadingOverriding;
			productName = overloadingOverriding;
			productReference = 1C27D3621F0E4AA300E89F94 /* overloadingOverriding */;
			productType = "com.apple.product-type.tool";
		};
		1C27D36C1F0EC8F400E89F94 /* Polymorphism */ = {
			isa = PBXNativeTarget;
			buildConfigurationList = 1C27D3711F0EC8F400E89F94 /* Build configuration list for PBXNativeTarget "Polymorphism" */;
			buildPhases = (
				1C27D3691F0EC8F400E89F94 /* Sources */,
				1C27D36A1F0EC8F400E89F94 /* Frameworks */,
				1C27D36B1F0EC8F400E89F94 /* CopyFiles */,
			);
			buildRules = (
			);
			dependencies = (
			);
			name = Polymorphism;
			productName = Polymorphism;
			productReference = 1C27D36D1F0EC8F400E89F94 /* Polymorphism */;
			productType = "com.apple.product-type.tool";
		};
		1C27D3771F0EE81A00E89F94 /* filehandling */ = {
			isa = PBXNativeTarget;
			buildConfigurationList = 1C27D37C1F0EE81A00E89F94 /* Build configuration list for PBXNativeTarget "filehandling" */;
			buildPhases = (
				1C27D3741F0EE81A00E89F94 /* Sources */,
				1C27D3751F0EE81A00E89F94 /* Frameworks */,
				1C27D3761F0EE81A00E89F94 /* CopyFiles */,
			);
			buildRules = (
			);
			dependencies = (
			);
			name = filehandling;
			productName = filehandling;
			productReference = 1C27D3781F0EE81A00E89F94 /* filehandling */;
			productType = "com.apple.product-type.tool";
		};
		1C27D38A1F0FD6DA00E89F94 /* Templates */ = {
			isa = PBXNativeTarget;
			buildConfigurationList = 1C27D38F1F0FD6DA00E89F94 /* Build configuration list for PBXNativeTarget "Templates" */;
			buildPhases = (
				1C27D3871F0FD6DA00E89F94 /* Sources */,
				1C27D3881F0FD6DA00E89F94 /* Frameworks */,
				1C27D3891F0FD6DA00E89F94 /* CopyFiles */,
			);
			buildRules = (
			);
			dependencies = (
			);
			name = Templates;
			productName = Templates;
			productReference = 1C27D38B1F0FD6DA00E89F94 /* Templates */;
			productType = "com.apple.product-type.tool";
		};
		1C3F36491F2319E8003AFD33 /* ArrayPractice */ = {
			isa = PBXNativeTarget;
			buildConfigurationList = 1C3F36501F2319E8003AFD33 /* Build configuration list for PBXNativeTarget "ArrayPractice" */;
			buildPhases = (
				1C3F36461F2319E8003AFD33 /* Sources */,
				1C3F36471F2319E8003AFD33 /* Frameworks */,
				1C3F36481F2319E8003AFD33 /* CopyFiles */,
			);
			buildRules = (
			);
			dependencies = (
			);
			name = ArrayPractice;
			productName = ArrayPractice;
			productReference = 1C3F364A1F2319E8003AFD33 /* ArrayPractice */;
			productType = "com.apple.product-type.tool";
		};
		1C43D9321F102EA8006B033E /* STLLibraries */ = {
			isa = PBXNativeTarget;
			buildConfigurationList = 1C43D9391F102EA8006B033E /* Build configuration list for PBXNativeTarget "STLLibraries" */;
			buildPhases = (
				1C43D92F1F102EA8006B033E /* Sources */,
				1C43D9301F102EA8006B033E /* Frameworks */,
				1C43D9311F102EA8006B033E /* CopyFiles */,
			);
			buildRules = (
			);
			dependencies = (
			);
			name = STLLibraries;
			productName = STLLibraries;
			productReference = 1C43D9331F102EA8006B033E /* STLLibraries */;
			productType = "com.apple.product-type.tool";
		};
		1C43D93D1F116364006B033E /* Sorting */ = {
			isa = PBXNativeTarget;
			buildConfigurationList = 1C43D9421F116364006B033E /* Build configuration list for PBXNativeTarget "Sorting" */;
			buildPhases = (
				1C43D93A1F116364006B033E /* Sources */,
				1C43D93B1F116364006B033E /* Frameworks */,
				1C43D93C1F116364006B033E /* CopyFiles */,
			);
			buildRules = (
			);
			dependencies = (
			);
			name = Sorting;
			productName = Sorting;
			productReference = 1C43D93E1F116364006B033E /* Sorting */;
			productType = "com.apple.product-type.tool";
		};
		1C43D9481F1164D9006B033E /* Searching */ = {
			isa = PBXNativeTarget;
			buildConfigurationList = 1C43D94D1F1164D9006B033E /* Build configuration list for PBXNativeTarget "Searching" */;
			buildPhases = (
				1C43D9451F1164D9006B033E /* Sources */,
				1C43D9461F1164D9006B033E /* Frameworks */,
				1C43D9471F1164D9006B033E /* CopyFiles */,
			);
			buildRules = (
			);
			dependencies = (
			);
			name = Searching;
			productName = Searching;
			productReference = 1C43D9491F1164D9006B033E /* Searching */;
			productType = "com.apple.product-type.tool";
		};
		1CDB21031F1B3C59000F0B39 /* Trees */ = {
			isa = PBXNativeTarget;
			buildConfigurationList = 1CDB210A1F1B3C59000F0B39 /* Build configuration list for PBXNativeTarget "Trees" */;
			buildPhases = (
				1CDB21001F1B3C59000F0B39 /* Sources */,
				1CDB21011F1B3C59000F0B39 /* Frameworks */,
				1CDB21021F1B3C59000F0B39 /* CopyFiles */,
			);
			buildRules = (
			);
			dependencies = (
			);
			name = Trees;
			productName = Trees;
			productReference = 1CDB21041F1B3C59000F0B39 /* Trees */;
			productType = "com.apple.product-type.tool";
		};
		1CDB214B1F1F00D7000F0B39 /* MaxsubArray */ = {
			isa = PBXNativeTarget;
			buildConfigurationList = 1CDB21501F1F00D7000F0B39 /* Build configuration list for PBXNativeTarget "MaxsubArray" */;
			buildPhases = (
				1CDB21481F1F00D7000F0B39 /* Sources */,
				1CDB21491F1F00D7000F0B39 /* Frameworks */,
				1CDB214A1F1F00D7000F0B39 /* CopyFiles */,
			);
			buildRules = (
			);
			dependencies = (
			);
			name = MaxsubArray;
			productName = MaxsubArray;
			productReference = 1CDB214C1F1F00D7000F0B39 /* MaxsubArray */;
			productType = "com.apple.product-type.tool";
		};
		1CE146DB1F04486E0032134E /* Aashna's Prog */ = {
			isa = PBXNativeTarget;
			buildConfigurationList = 1CE146E21F04486E0032134E /* Build configuration list for PBXNativeTarget "Aashna's Prog" */;
			buildPhases = (
				1CE146D81F04486E0032134E /* Sources */,
				1CE146D91F04486E0032134E /* Frameworks */,
				1CE146DA1F04486E0032134E /* CopyFiles */,
			);
			buildRules = (
			);
			dependencies = (
			);
			name = "Aashna's Prog";
			productName = "Aashna's Prog";
			productReference = 1CE146DC1F04486E0032134E /* Aashna's Prog */;
			productType = "com.apple.product-type.tool";
		};
		1CE6F9EA1EFD5E2500E9D888 /* AlgoCrush */ = {
			isa = PBXNativeTarget;
			buildConfigurationList = 1CE6F9F11EFD5E2500E9D888 /* Build configuration list for PBXNativeTarget "AlgoCrush" */;
			buildPhases = (
				1CE6F9E71EFD5E2500E9D888 /* Sources */,
				1CE6F9E81EFD5E2500E9D888 /* Frameworks */,
				1CE6F9E91EFD5E2500E9D888 /* CopyFiles */,
			);
			buildRules = (
			);
			dependencies = (
			);
			name = AlgoCrush;
			productName = AlgoCrush;
			productReference = 1CE6F9EB1EFD5E2500E9D888 /* AlgoCrush */;
			productType = "com.apple.product-type.tool";
		};
		1CE6F9F51EFD73D300E9D888 /* BinaryQueries */ = {
			isa = PBXNativeTarget;
			buildConfigurationList = 1CE6F9FA1EFD73D300E9D888 /* Build configuration list for PBXNativeTarget "BinaryQueries" */;
			buildPhases = (
				1CE6F9F21EFD73D300E9D888 /* Sources */,
				1CE6F9F31EFD73D300E9D888 /* Frameworks */,
				1CE6F9F41EFD73D300E9D888 /* CopyFiles */,
			);
			buildRules = (
			);
			dependencies = (
			);
			name = BinaryQueries;
			productName = BinaryQueries;
			productReference = 1CE6F9F61EFD73D300E9D888 /* BinaryQueries */;
			productType = "com.apple.product-type.tool";
		};
		1CE6FA001EFD855E00E9D888 /* MemoriseMe */ = {
			isa = PBXNativeTarget;
			buildConfigurationList = 1CE6FA051EFD855F00E9D888 /* Build configuration list for PBXNativeTarget "MemoriseMe" */;
			buildPhases = (
				1CE6F9FD1EFD855E00E9D888 /* Sources */,
				1CE6F9FE1EFD855E00E9D888 /* Frameworks */,
				1CE6F9FF1EFD855E00E9D888 /* CopyFiles */,
			);
			buildRules = (
			);
			dependencies = (
			);
			name = MemoriseMe;
			productName = MemoriseMe;
			productReference = 1CE6FA011EFD855E00E9D888 /* MemoriseMe */;
			productType = "com.apple.product-type.tool";
		};
		E018AADF1EF3861C0004B61C /* LearnC++ */ = {
			isa = PBXNativeTarget;
			buildConfigurationList = E018AAE71EF3861C0004B61C /* Build configuration list for PBXNativeTarget "LearnC++" */;
			buildPhases = (
				E018AADC1EF3861C0004B61C /* Sources */,
				E018AADD1EF3861C0004B61C /* Frameworks */,
				E018AADE1EF3861C0004B61C /* CopyFiles */,
			);
			buildRules = (
			);
			dependencies = (
			);
			name = "LearnC++";
			productName = "LearnC++";
			productReference = E018AAE01EF3861C0004B61C /* LearnC++ */;
			productType = "com.apple.product-type.tool";
		};
		E018AAED1EF386E80004B61C /* Linked list */ = {
			isa = PBXNativeTarget;
			buildConfigurationList = E018AAF21EF386E80004B61C /* Build configuration list for PBXNativeTarget "Linked list" */;
			buildPhases = (
				E018AAEA1EF386E80004B61C /* Sources */,
				E018AAEB1EF386E80004B61C /* Frameworks */,
				E018AAEC1EF386E80004B61C /* CopyFiles */,
			);
			buildRules = (
			);
			dependencies = (
			);
			name = "Linked list";
			productName = "Linked list";
			productReference = E018AAEE1EF386E80004B61C /* Linked list */;
			productType = "com.apple.product-type.tool";
		};
/* End PBXNativeTarget section */

/* Begin PBXProject section */
		E018AAD81EF3861C0004B61C /* Project object */ = {
			isa = PBXProject;
			attributes = {
				LastUpgradeCheck = 0900;
				ORGANIZATIONNAME = "Aviral Aggarwal";
				TargetAttributes = {
					1C27D3561F0DB69000E89F94 = {
						CreatedOnToolsVersion = 8.3.3;
						ProvisioningStyle = Automatic;
					};
					1C27D3611F0E4AA300E89F94 = {
						CreatedOnToolsVersion = 8.3.3;
						ProvisioningStyle = Automatic;
					};
					1C27D36C1F0EC8F400E89F94 = {
						CreatedOnToolsVersion = 8.3.3;
						ProvisioningStyle = Automatic;
					};
					1C27D3771F0EE81A00E89F94 = {
						CreatedOnToolsVersion = 8.3.3;
						ProvisioningStyle = Automatic;
					};
					1C27D38A1F0FD6DA00E89F94 = {
						CreatedOnToolsVersion = 8.3.3;
						ProvisioningStyle = Automatic;
					};
					1C3F36491F2319E8003AFD33 = {
						CreatedOnToolsVersion = 8.3.3;
						ProvisioningStyle = Automatic;
					};
					1C43D9321F102EA8006B033E = {
						CreatedOnToolsVersion = 8.3.3;
						ProvisioningStyle = Automatic;
					};
					1C43D93D1F116364006B033E = {
						CreatedOnToolsVersion = 8.3.3;
						ProvisioningStyle = Automatic;
					};
					1C43D9481F1164D9006B033E = {
						CreatedOnToolsVersion = 8.3.3;
						ProvisioningStyle = Automatic;
					};
					1CDB21031F1B3C59000F0B39 = {
						CreatedOnToolsVersion = 8.3.3;
						ProvisioningStyle = Automatic;
					};
					1CDB214B1F1F00D7000F0B39 = {
						CreatedOnToolsVersion = 8.3.3;
						ProvisioningStyle = Automatic;
					};
					1CE146DB1F04486E0032134E = {
						CreatedOnToolsVersion = 8.3.3;
						ProvisioningStyle = Automatic;
					};
					1CE6F9EA1EFD5E2500E9D888 = {
						CreatedOnToolsVersion = 8.3.3;
						ProvisioningStyle = Automatic;
					};
					1CE6F9F51EFD73D300E9D888 = {
						CreatedOnToolsVersion = 8.3.3;
						ProvisioningStyle = Automatic;
					};
					1CE6FA001EFD855E00E9D888 = {
						CreatedOnToolsVersion = 8.3.3;
						ProvisioningStyle = Automatic;
					};
					E018AADF1EF3861C0004B61C = {
						CreatedOnToolsVersion = 9.0;
					};
					E018AAED1EF386E80004B61C = {
						CreatedOnToolsVersion = 9.0;
					};
				};
			};
			buildConfigurationList = E018AADB1EF3861C0004B61C /* Build configuration list for PBXProject "LearnC++" */;
			compatibilityVersion = "Xcode 8.0";
			developmentRegion = en;
			hasScannedForEncodings = 0;
			knownRegions = (
				en,
			);
			mainGroup = E018AAD71EF3861B0004B61C;
			productRefGroup = E018AAE11EF3861C0004B61C /* Products */;
			projectDirPath = "";
			projectRoot = "";
			targets = (
				E018AADF1EF3861C0004B61C /* LearnC++ */,
				E018AAED1EF386E80004B61C /* Linked list */,
				1CE6F9EA1EFD5E2500E9D888 /* AlgoCrush */,
				1CE6F9F51EFD73D300E9D888 /* BinaryQueries */,
				1CE6FA001EFD855E00E9D888 /* MemoriseMe */,
				1CE146DB1F04486E0032134E /* Aashna's Prog */,
				1C27D3561F0DB69000E89F94 /* Inheritance */,
				1C27D3611F0E4AA300E89F94 /* overloadingOverriding */,
				1C27D36C1F0EC8F400E89F94 /* Polymorphism */,
				1C27D3771F0EE81A00E89F94 /* filehandling */,
				1C27D38A1F0FD6DA00E89F94 /* Templates */,
				1C43D9321F102EA8006B033E /* STLLibraries */,
				1C43D93D1F116364006B033E /* Sorting */,
				1C43D9481F1164D9006B033E /* Searching */,
				1CDB21031F1B3C59000F0B39 /* Trees */,
				1CDB214B1F1F00D7000F0B39 /* MaxsubArray */,
				1C3F36491F2319E8003AFD33 /* ArrayPractice */,
			);
		};
/* End PBXProject section */

/* Begin PBXSourcesBuildPhase section */
		1C27D3531F0DB69000E89F94 /* Sources */ = {
			isa = PBXSourcesBuildPhase;
			buildActionMask = 2147483647;
			files = (
				1C27D35A1F0DB69000E89F94 /* main.cpp in Sources */,
			);
			runOnlyForDeploymentPostprocessing = 0;
		};
		1C27D35E1F0E4AA300E89F94 /* Sources */ = {
			isa = PBXSourcesBuildPhase;
			buildActionMask = 2147483647;
			files = (
				1C27D3651F0E4AA300E89F94 /* main.cpp in Sources */,
			);
			runOnlyForDeploymentPostprocessing = 0;
		};
		1C27D3691F0EC8F400E89F94 /* Sources */ = {
			isa = PBXSourcesBuildPhase;
			buildActionMask = 2147483647;
			files = (
				1C27D3701F0EC8F400E89F94 /* main.cpp in Sources */,
			);
			runOnlyForDeploymentPostprocessing = 0;
		};
		1C27D3741F0EE81A00E89F94 /* Sources */ = {
			isa = PBXSourcesBuildPhase;
			buildActionMask = 2147483647;
			files = (
				1C27D37B1F0EE81A00E89F94 /* main.cpp in Sources */,
			);
			runOnlyForDeploymentPostprocessing = 0;
		};
		1C27D3871F0FD6DA00E89F94 /* Sources */ = {
			isa = PBXSourcesBuildPhase;
			buildActionMask = 2147483647;
			files = (
				1C27D38E1F0FD6DA00E89F94 /* main.cpp in Sources */,
			);
			runOnlyForDeploymentPostprocessing = 0;
		};
		1C3F36461F2319E8003AFD33 /* Sources */ = {
			isa = PBXSourcesBuildPhase;
			buildActionMask = 2147483647;
			files = (
				1CD07B921F25F13800F11318 /* partition3PartsBasedOnRange.cpp in Sources */,
			);
			runOnlyForDeploymentPostprocessing = 0;
		};
		1C43D92F1F102EA8006B033E /* Sources */ = {
			isa = PBXSourcesBuildPhase;
			buildActionMask = 2147483647;
			files = (
				1C43D9361F102EA8006B033E /* main.cpp in Sources */,
			);
			runOnlyForDeploymentPostprocessing = 0;
		};
		1C43D93A1F116364006B033E /* Sources */ = {
			isa = PBXSourcesBuildPhase;
			buildActionMask = 2147483647;
			files = (
				1C43D9661F16278D006B033E /* radix.cpp in Sources */,
			);
			runOnlyForDeploymentPostprocessing = 0;
		};
		1C43D9451F1164D9006B033E /* Sources */ = {
			isa = PBXSourcesBuildPhase;
			buildActionMask = 2147483647;
			files = (
				1C43D9571F118E4A006B033E /* exponential.cpp in Sources */,
			);
			runOnlyForDeploymentPostprocessing = 0;
		};
		1CDB21001F1B3C59000F0B39 /* Sources */ = {
			isa = PBXSourcesBuildPhase;
			buildActionMask = 2147483647;
			files = (
				1CDB21071F1B3C59000F0B39 /* main.cpp in Sources */,
			);
			runOnlyForDeploymentPostprocessing = 0;
		};
		1CDB21481F1F00D7000F0B39 /* Sources */ = {
			isa = PBXSourcesBuildPhase;
			buildActionMask = 2147483647;
			files = (
				1CDB214F1F1F00D7000F0B39 /* main.cpp in Sources */,
			);
			runOnlyForDeploymentPostprocessing = 0;
		};
		1CE146D81F04486E0032134E /* Sources */ = {
			isa = PBXSourcesBuildPhase;
			buildActionMask = 2147483647;
			files = (
			);
			runOnlyForDeploymentPostprocessing = 0;
		};
		1CE6F9E71EFD5E2500E9D888 /* Sources */ = {
			isa = PBXSourcesBuildPhase;
			buildActionMask = 2147483647;
			files = (
				1CE6F9EE1EFD5E2500E9D888 /* main.cpp in Sources */,
			);
			runOnlyForDeploymentPostprocessing = 0;
		};
		1CE6F9F21EFD73D300E9D888 /* Sources */ = {
			isa = PBXSourcesBuildPhase;
			buildActionMask = 2147483647;
			files = (
				1CE6F9F91EFD73D300E9D888 /* main.cpp in Sources */,
			);
			runOnlyForDeploymentPostprocessing = 0;
		};
		1CE6F9FD1EFD855E00E9D888 /* Sources */ = {
			isa = PBXSourcesBuildPhase;
			buildActionMask = 2147483647;
			files = (
				1CE6FA041EFD855F00E9D888 /* main.cpp in Sources */,
			);
			runOnlyForDeploymentPostprocessing = 0;
		};
		E018AADC1EF3861C0004B61C /* Sources */ = {
			isa = PBXSourcesBuildPhase;
			buildActionMask = 2147483647;
			files = (
				1CDB21531F20992D000F0B39 /* strings.cpp in Sources */,
			);
			runOnlyForDeploymentPostprocessing = 0;
		};
		E018AAEA1EF386E80004B61C /* Sources */ = {
			isa = PBXSourcesBuildPhase;
			buildActionMask = 2147483647;
			files = (
				E018AAF11EF386E80004B61C /* main.cpp in Sources */,
			);
			runOnlyForDeploymentPostprocessing = 0;
		};
/* End PBXSourcesBuildPhase section */

/* Begin XCBuildConfiguration section */
		1C27D35B1F0DB69000E89F94 /* Debug */ = {
			isa = XCBuildConfiguration;
			buildSettings = {
				CLANG_CXX_LANGUAGE_STANDARD = "gnu++0x";
				GCC_C_LANGUAGE_STANDARD = gnu99;
				PRODUCT_NAME = "$(TARGET_NAME)";
			};
			name = Debug;
		};
		1C27D35C1F0DB69000E89F94 /* Release */ = {
			isa = XCBuildConfiguration;
			buildSettings = {
				CLANG_CXX_LANGUAGE_STANDARD = "gnu++0x";
				GCC_C_LANGUAGE_STANDARD = gnu99;
				PRODUCT_NAME = "$(TARGET_NAME)";
			};
			name = Release;
		};
		1C27D3671F0E4AA300E89F94 /* Debug */ = {
			isa = XCBuildConfiguration;
			buildSettings = {
				CLANG_CXX_LANGUAGE_STANDARD = "gnu++0x";
				GCC_C_LANGUAGE_STANDARD = gnu99;
				PRODUCT_NAME = "$(TARGET_NAME)";
			};
			name = Debug;
		};
		1C27D3681F0E4AA300E89F94 /* Release */ = {
			isa = XCBuildConfiguration;
			buildSettings = {
				CLANG_CXX_LANGUAGE_STANDARD = "gnu++0x";
				GCC_C_LANGUAGE_STANDARD = gnu99;
				PRODUCT_NAME = "$(TARGET_NAME)";
			};
			name = Release;
		};
		1C27D3721F0EC8F400E89F94 /* Debug */ = {
			isa = XCBuildConfiguration;
			buildSettings = {
				CLANG_CXX_LANGUAGE_STANDARD = "gnu++0x";
				GCC_C_LANGUAGE_STANDARD = gnu99;
				PRODUCT_NAME = "$(TARGET_NAME)";
			};
			name = Debug;
		};
		1C27D3731F0EC8F400E89F94 /* Release */ = {
			isa = XCBuildConfiguration;
			buildSettings = {
				CLANG_CXX_LANGUAGE_STANDARD = "gnu++0x";
				GCC_C_LANGUAGE_STANDARD = gnu99;
				PRODUCT_NAME = "$(TARGET_NAME)";
			};
			name = Release;
		};
		1C27D37D1F0EE81A00E89F94 /* Debug */ = {
			isa = XCBuildConfiguration;
			buildSettings = {
				CLANG_CXX_LANGUAGE_STANDARD = "gnu++0x";
				GCC_C_LANGUAGE_STANDARD = gnu99;
				PRODUCT_NAME = "$(TARGET_NAME)";
			};
			name = Debug;
		};
		1C27D37E1F0EE81A00E89F94 /* Release */ = {
			isa = XCBuildConfiguration;
			buildSettings = {
				CLANG_CXX_LANGUAGE_STANDARD = "gnu++0x";
				GCC_C_LANGUAGE_STANDARD = gnu99;
				PRODUCT_NAME = "$(TARGET_NAME)";
			};
			name = Release;
		};
		1C27D3901F0FD6DA00E89F94 /* Debug */ = {
			isa = XCBuildConfiguration;
			buildSettings = {
				CLANG_CXX_LANGUAGE_STANDARD = "gnu++0x";
				GCC_C_LANGUAGE_STANDARD = gnu99;
				PRODUCT_NAME = "$(TARGET_NAME)";
			};
			name = Debug;
		};
		1C27D3911F0FD6DA00E89F94 /* Release */ = {
			isa = XCBuildConfiguration;
			buildSettings = {
				CLANG_CXX_LANGUAGE_STANDARD = "gnu++0x";
				GCC_C_LANGUAGE_STANDARD = gnu99;
				PRODUCT_NAME = "$(TARGET_NAME)";
			};
			name = Release;
		};
		1C3F364E1F2319E8003AFD33 /* Debug */ = {
			isa = XCBuildConfiguration;
			buildSettings = {
				CLANG_CXX_LANGUAGE_STANDARD = "gnu++0x";
				GCC_C_LANGUAGE_STANDARD = gnu99;
				PRODUCT_NAME = "$(TARGET_NAME)";
			};
			name = Debug;
		};
		1C3F364F1F2319E8003AFD33 /* Release */ = {
			isa = XCBuildConfiguration;
			buildSettings = {
				CLANG_CXX_LANGUAGE_STANDARD = "gnu++0x";
				GCC_C_LANGUAGE_STANDARD = gnu99;
				PRODUCT_NAME = "$(TARGET_NAME)";
			};
			name = Release;
		};
		1C43D9371F102EA8006B033E /* Debug */ = {
			isa = XCBuildConfiguration;
			buildSettings = {
				CLANG_CXX_LANGUAGE_STANDARD = "gnu++0x";
				GCC_C_LANGUAGE_STANDARD = gnu99;
				PRODUCT_NAME = "$(TARGET_NAME)";
			};
			name = Debug;
		};
		1C43D9381F102EA8006B033E /* Release */ = {
			isa = XCBuildConfiguration;
			buildSettings = {
				CLANG_CXX_LANGUAGE_STANDARD = "gnu++0x";
				GCC_C_LANGUAGE_STANDARD = gnu99;
				PRODUCT_NAME = "$(TARGET_NAME)";
			};
			name = Release;
		};
		1C43D9431F116364006B033E /* Debug */ = {
			isa = XCBuildConfiguration;
			buildSettings = {
				CLANG_CXX_LANGUAGE_STANDARD = "gnu++0x";
				GCC_C_LANGUAGE_STANDARD = gnu99;
				PRODUCT_NAME = "$(TARGET_NAME)";
			};
			name = Debug;
		};
		1C43D9441F116364006B033E /* Release */ = {
			isa = XCBuildConfiguration;
			buildSettings = {
				CLANG_CXX_LANGUAGE_STANDARD = "gnu++0x";
				GCC_C_LANGUAGE_STANDARD = gnu99;
				PRODUCT_NAME = "$(TARGET_NAME)";
			};
			name = Release;
		};
		1C43D94E1F1164D9006B033E /* Debug */ = {
			isa = XCBuildConfiguration;
			buildSettings = {
				CLANG_CXX_LANGUAGE_STANDARD = "gnu++0x";
				GCC_C_LANGUAGE_STANDARD = gnu99;
				PRODUCT_NAME = "$(TARGET_NAME)";
			};
			name = Debug;
		};
		1C43D94F1F1164D9006B033E /* Release */ = {
			isa = XCBuildConfiguration;
			buildSettings = {
				CLANG_CXX_LANGUAGE_STANDARD = "gnu++0x";
				GCC_C_LANGUAGE_STANDARD = gnu99;
				PRODUCT_NAME = "$(TARGET_NAME)";
			};
			name = Release;
		};
		1CDB21081F1B3C59000F0B39 /* Debug */ = {
			isa = XCBuildConfiguration;
			buildSettings = {
				CLANG_CXX_LANGUAGE_STANDARD = "gnu++0x";
				GCC_C_LANGUAGE_STANDARD = gnu99;
				PRODUCT_NAME = "$(TARGET_NAME)";
			};
			name = Debug;
		};
		1CDB21091F1B3C59000F0B39 /* Release */ = {
			isa = XCBuildConfiguration;
			buildSettings = {
				CLANG_CXX_LANGUAGE_STANDARD = "gnu++0x";
				GCC_C_LANGUAGE_STANDARD = gnu99;
				PRODUCT_NAME = "$(TARGET_NAME)";
			};
			name = Release;
		};
		1CDB21511F1F00D7000F0B39 /* Debug */ = {
			isa = XCBuildConfiguration;
			buildSettings = {
				CLANG_CXX_LANGUAGE_STANDARD = "gnu++0x";
				GCC_C_LANGUAGE_STANDARD = gnu99;
				PRODUCT_NAME = "$(TARGET_NAME)";
			};
			name = Debug;
		};
		1CDB21521F1F00D7000F0B39 /* Release */ = {
			isa = XCBuildConfiguration;
			buildSettings = {
				CLANG_CXX_LANGUAGE_STANDARD = "gnu++0x";
				GCC_C_LANGUAGE_STANDARD = gnu99;
				PRODUCT_NAME = "$(TARGET_NAME)";
			};
			name = Release;
		};
		1CE146E01F04486E0032134E /* Debug */ = {
			isa = XCBuildConfiguration;
			buildSettings = {
				CLANG_CXX_LANGUAGE_STANDARD = "gnu++0x";
				GCC_C_LANGUAGE_STANDARD = gnu99;
				PRODUCT_NAME = "$(TARGET_NAME)";
			};
			name = Debug;
		};
		1CE146E11F04486E0032134E /* Release */ = {
			isa = XCBuildConfiguration;
			buildSettings = {
				CLANG_CXX_LANGUAGE_STANDARD = "gnu++0x";
				GCC_C_LANGUAGE_STANDARD = gnu99;
				PRODUCT_NAME = "$(TARGET_NAME)";
			};
			name = Release;
		};
		1CE6F9EF1EFD5E2500E9D888 /* Debug */ = {
			isa = XCBuildConfiguration;
			buildSettings = {
				CLANG_CXX_LANGUAGE_STANDARD = "gnu++0x";
				GCC_C_LANGUAGE_STANDARD = gnu99;
				MACOSX_DEPLOYMENT_TARGET = 10.12;
				PRODUCT_NAME = "$(TARGET_NAME)";
			};
			name = Debug;
		};
		1CE6F9F01EFD5E2500E9D888 /* Release */ = {
			isa = XCBuildConfiguration;
			buildSettings = {
				CLANG_CXX_LANGUAGE_STANDARD = "gnu++0x";
				GCC_C_LANGUAGE_STANDARD = gnu99;
				MACOSX_DEPLOYMENT_TARGET = 10.12;
				PRODUCT_NAME = "$(TARGET_NAME)";
			};
			name = Release;
		};
		1CE6F9FB1EFD73D300E9D888 /* Debug */ = {
			isa = XCBuildConfiguration;
			buildSettings = {
				CLANG_CXX_LANGUAGE_STANDARD = "gnu++0x";
				GCC_C_LANGUAGE_STANDARD = gnu99;
				MACOSX_DEPLOYMENT_TARGET = 10.12;
				PRODUCT_NAME = "$(TARGET_NAME)";
			};
			name = Debug;
		};
		1CE6F9FC1EFD73D300E9D888 /* Release */ = {
			isa = XCBuildConfiguration;
			buildSettings = {
				CLANG_CXX_LANGUAGE_STANDARD = "gnu++0x";
				GCC_C_LANGUAGE_STANDARD = gnu99;
				MACOSX_DEPLOYMENT_TARGET = 10.12;
				PRODUCT_NAME = "$(TARGET_NAME)";
			};
			name = Release;
		};
		1CE6FA061EFD855F00E9D888 /* Debug */ = {
			isa = XCBuildConfiguration;
			buildSettings = {
				CLANG_CXX_LANGUAGE_STANDARD = "gnu++0x";
				GCC_C_LANGUAGE_STANDARD = gnu99;
				MACOSX_DEPLOYMENT_TARGET = 10.7;
				PRODUCT_NAME = "$(TARGET_NAME)";
			};
			name = Debug;
		};
		1CE6FA071EFD855F00E9D888 /* Release */ = {
			isa = XCBuildConfiguration;
			buildSettings = {
				CLANG_CXX_LANGUAGE_STANDARD = "gnu++0x";
				GCC_C_LANGUAGE_STANDARD = gnu99;
				MACOSX_DEPLOYMENT_TARGET = 10.7;
				PRODUCT_NAME = "$(TARGET_NAME)";
			};
			name = Release;
		};
		E018AAE51EF3861C0004B61C /* Debug */ = {
			isa = XCBuildConfiguration;
			buildSettings = {
				ALWAYS_SEARCH_USER_PATHS = NO;
				CLANG_ANALYZER_NONNULL = YES;
				CLANG_ANALYZER_NUMBER_OBJECT_CONVERSION = YES_AGGRESSIVE;
				CLANG_CXX_LANGUAGE_STANDARD = "gnu++14";
				CLANG_CXX_LIBRARY = "libc++";
				CLANG_ENABLE_MODULES = YES;
				CLANG_ENABLE_OBJC_ARC = YES;
				CLANG_WARN_BLOCK_CAPTURE_AUTORELEASING = YES;
				CLANG_WARN_BOOL_CONVERSION = YES;
				CLANG_WARN_COMMA = YES;
				CLANG_WARN_CONSTANT_CONVERSION = YES;
				CLANG_WARN_DIRECT_OBJC_ISA_USAGE = YES_ERROR;
				CLANG_WARN_DOCUMENTATION_COMMENTS = YES;
				CLANG_WARN_EMPTY_BODY = YES;
				CLANG_WARN_ENUM_CONVERSION = YES;
				CLANG_WARN_INFINITE_RECURSION = YES;
				CLANG_WARN_INT_CONVERSION = YES;
				CLANG_WARN_OBJC_ROOT_CLASS = YES_ERROR;
				CLANG_WARN_RANGE_LOOP_ANALYSIS = YES;
				CLANG_WARN_STRICT_PROTOTYPES = YES;
				CLANG_WARN_SUSPICIOUS_MOVE = YES;
				CLANG_WARN_UNGUARDED_AVAILABILITY = YES_AGGRESSIVE;
				CLANG_WARN_UNREACHABLE_CODE = YES;
				CLANG_WARN__DUPLICATE_METHOD_MATCH = YES;
				CODE_SIGN_IDENTITY = "-";
				COPY_PHASE_STRIP = NO;
				DEBUG_INFORMATION_FORMAT = dwarf;
				ENABLE_STRICT_OBJC_MSGSEND = YES;
				ENABLE_TESTABILITY = YES;
				GCC_C_LANGUAGE_STANDARD = gnu11;
				GCC_DYNAMIC_NO_PIC = NO;
				GCC_NO_COMMON_BLOCKS = YES;
				GCC_OPTIMIZATION_LEVEL = 0;
				GCC_PREPROCESSOR_DEFINITIONS = (
					"DEBUG=1",
					"$(inherited)",
				);
				GCC_WARN_64_TO_32_BIT_CONVERSION = YES;
				GCC_WARN_ABOUT_RETURN_TYPE = YES_ERROR;
				GCC_WARN_UNDECLARED_SELECTOR = YES;
				GCC_WARN_UNINITIALIZED_AUTOS = YES_AGGRESSIVE;
				GCC_WARN_UNUSED_FUNCTION = YES;
				GCC_WARN_UNUSED_VARIABLE = YES;
				MACOSX_DEPLOYMENT_TARGET = 10.12;
				MTL_ENABLE_DEBUG_INFO = YES;
				ONLY_ACTIVE_ARCH = YES;
				SDKROOT = macosx;
			};
			name = Debug;
		};
		E018AAE61EF3861C0004B61C /* Release */ = {
			isa = XCBuildConfiguration;
			buildSettings = {
				ALWAYS_SEARCH_USER_PATHS = NO;
				CLANG_ANALYZER_NONNULL = YES;
				CLANG_ANALYZER_NUMBER_OBJECT_CONVERSION = YES_AGGRESSIVE;
				CLANG_CXX_LANGUAGE_STANDARD = "gnu++14";
				CLANG_CXX_LIBRARY = "libc++";
				CLANG_ENABLE_MODULES = YES;
				CLANG_ENABLE_OBJC_ARC = YES;
				CLANG_WARN_BLOCK_CAPTURE_AUTORELEASING = YES;
				CLANG_WARN_BOOL_CONVERSION = YES;
				CLANG_WARN_COMMA = YES;
				CLANG_WARN_CONSTANT_CONVERSION = YES;
				CLANG_WARN_DIRECT_OBJC_ISA_USAGE = YES_ERROR;
				CLANG_WARN_DOCUMENTATION_COMMENTS = YES;
				CLANG_WARN_EMPTY_BODY = YES;
				CLANG_WARN_ENUM_CONVERSION = YES;
				CLANG_WARN_INFINITE_RECURSION = YES;
				CLANG_WARN_INT_CONVERSION = YES;
				CLANG_WARN_OBJC_ROOT_CLASS = YES_ERROR;
				CLANG_WARN_RANGE_LOOP_ANALYSIS = YES;
				CLANG_WARN_STRICT_PROTOTYPES = YES;
				CLANG_WARN_SUSPICIOUS_MOVE = YES;
				CLANG_WARN_UNGUARDED_AVAILABILITY = YES_AGGRESSIVE;
				CLANG_WARN_UNREACHABLE_CODE = YES;
				CLANG_WARN__DUPLICATE_METHOD_MATCH = YES;
				CODE_SIGN_IDENTITY = "-";
				COPY_PHASE_STRIP = NO;
				DEBUG_INFORMATION_FORMAT = "dwarf-with-dsym";
				ENABLE_NS_ASSERTIONS = NO;
				ENABLE_STRICT_OBJC_MSGSEND = YES;
				GCC_C_LANGUAGE_STANDARD = gnu11;
				GCC_NO_COMMON_BLOCKS = YES;
				GCC_WARN_64_TO_32_BIT_CONVERSION = YES;
				GCC_WARN_ABOUT_RETURN_TYPE = YES_ERROR;
				GCC_WARN_UNDECLARED_SELECTOR = YES;
				GCC_WARN_UNINITIALIZED_AUTOS = YES_AGGRESSIVE;
				GCC_WARN_UNUSED_FUNCTION = YES;
				GCC_WARN_UNUSED_VARIABLE = YES;
				MACOSX_DEPLOYMENT_TARGET = 10.12;
				MTL_ENABLE_DEBUG_INFO = NO;
				SDKROOT = macosx;
			};
			name = Release;
		};
		E018AAE81EF3861C0004B61C /* Debug */ = {
			isa = XCBuildConfiguration;
			buildSettings = {
				PRODUCT_NAME = "$(TARGET_NAME)";
			};
			name = Debug;
		};
		E018AAE91EF3861C0004B61C /* Release */ = {
			isa = XCBuildConfiguration;
			buildSettings = {
				PRODUCT_NAME = "$(TARGET_NAME)";
			};
			name = Release;
		};
		E018AAF31EF386E80004B61C /* Debug */ = {
			isa = XCBuildConfiguration;
			buildSettings = {
				PRODUCT_NAME = "$(TARGET_NAME)";
			};
			name = Debug;
		};
		E018AAF41EF386E80004B61C /* Release */ = {
			isa = XCBuildConfiguration;
			buildSettings = {
				PRODUCT_NAME = "$(TARGET_NAME)";
			};
			name = Release;
		};
/* End XCBuildConfiguration section */

/* Begin XCConfigurationList section */
		1C27D35D1F0DB69000E89F94 /* Build configuration list for PBXNativeTarget "Inheritance" */ = {
			isa = XCConfigurationList;
			buildConfigurations = (
				1C27D35B1F0DB69000E89F94 /* Debug */,
				1C27D35C1F0DB69000E89F94 /* Release */,
			);
			defaultConfigurationIsVisible = 0;
			defaultConfigurationName = Release;
		};
		1C27D3661F0E4AA300E89F94 /* Build configuration list for PBXNativeTarget "overloadingOverriding" */ = {
			isa = XCConfigurationList;
			buildConfigurations = (
				1C27D3671F0E4AA300E89F94 /* Debug */,
				1C27D3681F0E4AA300E89F94 /* Release */,
			);
			defaultConfigurationIsVisible = 0;
			defaultConfigurationName = Release;
		};
		1C27D3711F0EC8F400E89F94 /* Build configuration list for PBXNativeTarget "Polymorphism" */ = {
			isa = XCConfigurationList;
			buildConfigurations = (
				1C27D3721F0EC8F400E89F94 /* Debug */,
				1C27D3731F0EC8F400E89F94 /* Release */,
			);
			defaultConfigurationIsVisible = 0;
			defaultConfigurationName = Release;
		};
		1C27D37C1F0EE81A00E89F94 /* Build configuration list for PBXNativeTarget "filehandling" */ = {
			isa = XCConfigurationList;
			buildConfigurations = (
				1C27D37D1F0EE81A00E89F94 /* Debug */,
				1C27D37E1F0EE81A00E89F94 /* Release */,
			);
			defaultConfigurationIsVisible = 0;
			defaultConfigurationName = Release;
		};
		1C27D38F1F0FD6DA00E89F94 /* Build configuration list for PBXNativeTarget "Templates" */ = {
			isa = XCConfigurationList;
			buildConfigurations = (
				1C27D3901F0FD6DA00E89F94 /* Debug */,
				1C27D3911F0FD6DA00E89F94 /* Release */,
			);
			defaultConfigurationIsVisible = 0;
			defaultConfigurationName = Release;
		};
		1C3F36501F2319E8003AFD33 /* Build configuration list for PBXNativeTarget "ArrayPractice" */ = {
			isa = XCConfigurationList;
			buildConfigurations = (
				1C3F364E1F2319E8003AFD33 /* Debug */,
				1C3F364F1F2319E8003AFD33 /* Release */,
			);
			defaultConfigurationIsVisible = 0;
			defaultConfigurationName = Release;
		};
		1C43D9391F102EA8006B033E /* Build configuration list for PBXNativeTarget "STLLibraries" */ = {
			isa = XCConfigurationList;
			buildConfigurations = (
				1C43D9371F102EA8006B033E /* Debug */,
				1C43D9381F102EA8006B033E /* Release */,
			);
			defaultConfigurationIsVisible = 0;
			defaultConfigurationName = Release;
		};
		1C43D9421F116364006B033E /* Build configuration list for PBXNativeTarget "Sorting" */ = {
			isa = XCConfigurationList;
			buildConfigurations = (
				1C43D9431F116364006B033E /* Debug */,
				1C43D9441F116364006B033E /* Release */,
			);
			defaultConfigurationIsVisible = 0;
			defaultConfigurationName = Release;
		};
		1C43D94D1F1164D9006B033E /* Build configuration list for PBXNativeTarget "Searching" */ = {
			isa = XCConfigurationList;
			buildConfigurations = (
				1C43D94E1F1164D9006B033E /* Debug */,
				1C43D94F1F1164D9006B033E /* Release */,
			);
			defaultConfigurationIsVisible = 0;
			defaultConfigurationName = Release;
		};
		1CDB210A1F1B3C59000F0B39 /* Build configuration list for PBXNativeTarget "Trees" */ = {
			isa = XCConfigurationList;
			buildConfigurations = (
				1CDB21081F1B3C59000F0B39 /* Debug */,
				1CDB21091F1B3C59000F0B39 /* Release */,
			);
			defaultConfigurationIsVisible = 0;
			defaultConfigurationName = Release;
		};
		1CDB21501F1F00D7000F0B39 /* Build configuration list for PBXNativeTarget "MaxsubArray" */ = {
			isa = XCConfigurationList;
			buildConfigurations = (
				1CDB21511F1F00D7000F0B39 /* Debug */,
				1CDB21521F1F00D7000F0B39 /* Release */,
			);
			defaultConfigurationIsVisible = 0;
			defaultConfigurationName = Release;
		};
		1CE146E21F04486E0032134E /* Build configuration list for PBXNativeTarget "Aashna's Prog" */ = {
			isa = XCConfigurationList;
			buildConfigurations = (
				1CE146E01F04486E0032134E /* Debug */,
				1CE146E11F04486E0032134E /* Release */,
			);
			defaultConfigurationIsVisible = 0;
			defaultConfigurationName = Release;
		};
		1CE6F9F11EFD5E2500E9D888 /* Build configuration list for PBXNativeTarget "AlgoCrush" */ = {
			isa = XCConfigurationList;
			buildConfigurations = (
				1CE6F9EF1EFD5E2500E9D888 /* Debug */,
				1CE6F9F01EFD5E2500E9D888 /* Release */,
			);
			defaultConfigurationIsVisible = 0;
			defaultConfigurationName = Release;
		};
		1CE6F9FA1EFD73D300E9D888 /* Build configuration list for PBXNativeTarget "BinaryQueries" */ = {
			isa = XCConfigurationList;
			buildConfigurations = (
				1CE6F9FB1EFD73D300E9D888 /* Debug */,
				1CE6F9FC1EFD73D300E9D888 /* Release */,
			);
			defaultConfigurationIsVisible = 0;
			defaultConfigurationName = Release;
		};
		1CE6FA051EFD855F00E9D888 /* Build configuration list for PBXNativeTarget "MemoriseMe" */ = {
			isa = XCConfigurationList;
			buildConfigurations = (
				1CE6FA061EFD855F00E9D888 /* Debug */,
				1CE6FA071EFD855F00E9D888 /* Release */,
			);
			defaultConfigurationIsVisible = 0;
			defaultConfigurationName = Release;
		};
		E018AADB1EF3861C0004B61C /* Build configuration list for PBXProject "LearnC++" */ = {
			isa = XCConfigurationList;
			buildConfigurations = (
				E018AAE51EF3861C0004B61C /* Debug */,
				E018AAE61EF3861C0004B61C /* Release */,
			);
			defaultConfigurationIsVisible = 0;
			defaultConfigurationName = Release;
		};
		E018AAE71EF3861C0004B61C /* Build configuration list for PBXNativeTarget "LearnC++" */ = {
			isa = XCConfigurationList;
			buildConfigurations = (
				E018AAE81EF3861C0004B61C /* Debug */,
				E018AAE91EF3861C0004B61C /* Release */,
			);
			defaultConfigurationIsVisible = 0;
			defaultConfigurationName = Release;
		};
		E018AAF21EF386E80004B61C /* Build configuration list for PBXNativeTarget "Linked list" */ = {
			isa = XCConfigurationList;
			buildConfigurations = (
				E018AAF31EF386E80004B61C /* Debug */,
				E018AAF41EF386E80004B61C /* Release */,
			);
			defaultConfigurationIsVisible = 0;
			defaultConfigurationName = Release;
		};
/* End XCConfigurationList section */
	};
	rootObject = E018AAD81EF3861C0004B61C /* Project object */;
}
